// !$*UTF8*$!
{
	archiveVersion = 1;
	classes = {
	};
	objectVersion = 50;
	objects = {

/* Begin PBXBuildFile section */
		17104E49218C7751009041BF /* AppDelegate.swift in Sources */ = {isa = PBXBuildFile; fileRef = 17104E48218C7751009041BF /* AppDelegate.swift */; };
		17104E4B218C7751009041BF /* ViewController.swift in Sources */ = {isa = PBXBuildFile; fileRef = 17104E4A218C7751009041BF /* ViewController.swift */; };
		17104E4E218C7751009041BF /* Main.storyboard in Resources */ = {isa = PBXBuildFile; fileRef = 17104E4C218C7751009041BF /* Main.storyboard */; };
		17104E50218C7752009041BF /* Assets.xcassets in Resources */ = {isa = PBXBuildFile; fileRef = 17104E4F218C7752009041BF /* Assets.xcassets */; };
		17104E53218C7752009041BF /* LaunchScreen.storyboard in Resources */ = {isa = PBXBuildFile; fileRef = 17104E51218C7752009041BF /* LaunchScreen.storyboard */; };
		17104E5E218C7752009041BF /* PulsingTests.swift in Sources */ = {isa = PBXBuildFile; fileRef = 17104E5D218C7752009041BF /* PulsingTests.swift */; };
		17104E69218C7752009041BF /* PulsingUITests.swift in Sources */ = {isa = PBXBuildFile; fileRef = 17104E68218C7752009041BF /* PulsingUITests.swift */; };
		17104E77218C77A2009041BF /* Onboarder.swift in Sources */ = {isa = PBXBuildFile; fileRef = 17104E76218C77A2009041BF /* Onboarder.swift */; };
/* End PBXBuildFile section */

/* Begin PBXContainerItemProxy section */
		17104E5A218C7752009041BF /* PBXContainerItemProxy */ = {
			isa = PBXContainerItemProxy;
			containerPortal = 17104E3D218C7751009041BF /* Project object */;
			proxyType = 1;
			remoteGlobalIDString = 17104E44218C7751009041BF;
			remoteInfo = Pulsing;
		};
		17104E65218C7752009041BF /* PBXContainerItemProxy */ = {
			isa = PBXContainerItemProxy;
			containerPortal = 17104E3D218C7751009041BF /* Project object */;
			proxyType = 1;
			remoteGlobalIDString = 17104E44218C7751009041BF;
			remoteInfo = Pulsing;
		};
/* End PBXContainerItemProxy section */

/* Begin PBXFileReference section */
		17104E45218C7751009041BF /* Pulsing.app */ = {isa = PBXFileReference; explicitFileType = wrapper.application; includeInIndex = 0; path = Pulsing.app; sourceTree = BUILT_PRODUCTS_DIR; };
		17104E48218C7751009041BF /* AppDelegate.swift */ = {isa = PBXFileReference; lastKnownFileType = sourcecode.swift; path = AppDelegate.swift; sourceTree = "<group>"; };
		17104E4A218C7751009041BF /* ViewController.swift */ = {isa = PBXFileReference; lastKnownFileType = sourcecode.swift; path = ViewController.swift; sourceTree = "<group>"; };
		17104E4D218C7751009041BF /* Base */ = {isa = PBXFileReference; lastKnownFileType = file.storyboard; name = Base; path = Base.lproj/Main.storyboard; sourceTree = "<group>"; };
		17104E4F218C7752009041BF /* Assets.xcassets */ = {isa = PBXFileReference; lastKnownFileType = folder.assetcatalog; path = Assets.xcassets; sourceTree = "<group>"; };
		17104E52218C7752009041BF /* Base */ = {isa = PBXFileReference; lastKnownFileType = file.storyboard; name = Base; path = Base.lproj/LaunchScreen.storyboard; sourceTree = "<group>"; };
		17104E54218C7752009041BF /* Info.plist */ = {isa = PBXFileReference; lastKnownFileType = text.plist.xml; path = Info.plist; sourceTree = "<group>"; };
		17104E59218C7752009041BF /* PulsingTests.xctest */ = {isa = PBXFileReference; explicitFileType = wrapper.cfbundle; includeInIndex = 0; path = PulsingTests.xctest; sourceTree = BUILT_PRODUCTS_DIR; };
		17104E5D218C7752009041BF /* PulsingTests.swift */ = {isa = PBXFileReference; lastKnownFileType = sourcecode.swift; path = PulsingTests.swift; sourceTree = "<group>"; };
		17104E5F218C7752009041BF /* Info.plist */ = {isa = PBXFileReference; lastKnownFileType = text.plist.xml; path = Info.plist; sourceTree = "<group>"; };
		17104E64218C7752009041BF /* PulsingUITests.xctest */ = {isa = PBXFileReference; explicitFileType = wrapper.cfbundle; includeInIndex = 0; path = PulsingUITests.xctest; sourceTree = BUILT_PRODUCTS_DIR; };
		17104E68218C7752009041BF /* PulsingUITests.swift */ = {isa = PBXFileReference; lastKnownFileType = sourcecode.swift; path = PulsingUITests.swift; sourceTree = "<group>"; };
		17104E6A218C7752009041BF /* Info.plist */ = {isa = PBXFileReference; lastKnownFileType = text.plist.xml; path = Info.plist; sourceTree = "<group>"; };
		17104E76218C77A2009041BF /* Onboarder.swift */ = {isa = PBXFileReference; fileEncoding = 4; lastKnownFileType = sourcecode.swift; path = Onboarder.swift; sourceTree = "<group>"; };
/* End PBXFileReference section */

/* Begin PBXFrameworksBuildPhase section */
		17104E42218C7751009041BF /* Frameworks */ = {
			isa = PBXFrameworksBuildPhase;
			buildActionMask = 2147483647;
			files = (
			);
			runOnlyForDeploymentPostprocessing = 0;
		};
		17104E56218C7752009041BF /* Frameworks */ = {
			isa = PBXFrameworksBuildPhase;
			buildActionMask = 2147483647;
			files = (
			);
			runOnlyForDeploymentPostprocessing = 0;
		};
		17104E61218C7752009041BF /* Frameworks */ = {
			isa = PBXFrameworksBuildPhase;
			buildActionMask = 2147483647;
			files = (
			);
			runOnlyForDeploymentPostprocessing = 0;
		};
/* End PBXFrameworksBuildPhase section */

/* Begin PBXGroup section */
		17104E3C218C7751009041BF = {
			isa = PBXGroup;
			children = (
				17104E47218C7751009041BF /* Pulsing */,
				17104E5C218C7752009041BF /* PulsingTests */,
				17104E67218C7752009041BF /* PulsingUITests */,
				17104E46218C7751009041BF /* Products */,
			);
			sourceTree = "<group>";
		};
		17104E46218C7751009041BF /* Products */ = {
			isa = PBXGroup;
			children = (
				17104E45218C7751009041BF /* Pulsing.app */,
				17104E59218C7752009041BF /* PulsingTests.xctest */,
				17104E64218C7752009041BF /* PulsingUITests.xctest */,
			);
			name = Products;
			sourceTree = "<group>";
		};
		17104E47218C7751009041BF /* Pulsing */ = {
			isa = PBXGroup;
			children = (
				17104E48218C7751009041BF /* AppDelegate.swift */,
				17104E4A218C7751009041BF /* ViewController.swift */,
				17104E76218C77A2009041BF /* Onboarder.swift */,
				17104E4C218C7751009041BF /* Main.storyboard */,
				17104E4F218C7752009041BF /* Assets.xcassets */,
				17104E51218C7752009041BF /* LaunchScreen.storyboard */,
				17104E54218C7752009041BF /* Info.plist */,
			);
			path = Pulsing;
			sourceTree = "<group>";
		};
		17104E5C218C7752009041BF /* PulsingTests */ = {
			isa = PBXGroup;
			children = (
				17104E5D218C7752009041BF /* PulsingTests.swift */,
				17104E5F218C7752009041BF /* Info.plist */,
			);
			path = PulsingTests;
			sourceTree = "<group>";
		};
		17104E67218C7752009041BF /* PulsingUITests */ = {
			isa = PBXGroup;
			children = (
				17104E68218C7752009041BF /* PulsingUITests.swift */,
				17104E6A218C7752009041BF /* Info.plist */,
			);
			path = PulsingUITests;
			sourceTree = "<group>";
		};
/* End PBXGroup section */

/* Begin PBXNativeTarget section */
		17104E44218C7751009041BF /* Pulsing */ = {
			isa = PBXNativeTarget;
			buildConfigurationList = 17104E6D218C7752009041BF /* Build configuration list for PBXNativeTarget "Pulsing" */;
			buildPhases = (
				17104E41218C7751009041BF /* Sources */,
				17104E42218C7751009041BF /* Frameworks */,
				17104E43218C7751009041BF /* Resources */,
			);
			buildRules = (
			);
			dependencies = (
			);
			name = Pulsing;
			productName = Pulsing;
			productReference = 17104E45218C7751009041BF /* Pulsing.app */;
			productType = "com.apple.product-type.application";
		};
		17104E58218C7752009041BF /* PulsingTests */ = {
			isa = PBXNativeTarget;
			buildConfigurationList = 17104E70218C7752009041BF /* Build configuration list for PBXNativeTarget "PulsingTests" */;
			buildPhases = (
				17104E55218C7752009041BF /* Sources */,
				17104E56218C7752009041BF /* Frameworks */,
				17104E57218C7752009041BF /* Resources */,
			);
			buildRules = (
			);
			dependencies = (
				17104E5B218C7752009041BF /* PBXTargetDependency */,
			);
			name = PulsingTests;
			productName = PulsingTests;
			productReference = 17104E59218C7752009041BF /* PulsingTests.xctest */;
			productType = "com.apple.product-type.bundle.unit-test";
		};
		17104E63218C7752009041BF /* PulsingUITests */ = {
			isa = PBXNativeTarget;
			buildConfigurationList = 17104E73218C7752009041BF /* Build configuration list for PBXNativeTarget "PulsingUITests" */;
			buildPhases = (
				17104E60218C7752009041BF /* Sources */,
				17104E61218C7752009041BF /* Frameworks */,
				17104E62218C7752009041BF /* Resources */,
			);
			buildRules = (
			);
			dependencies = (
				17104E66218C7752009041BF /* PBXTargetDependency */,
			);
			name = PulsingUITests;
			productName = PulsingUITests;
			productReference = 17104E64218C7752009041BF /* PulsingUITests.xctest */;
			productType = "com.apple.product-type.bundle.ui-testing";
		};
/* End PBXNativeTarget section */

/* Begin PBXProject section */
		17104E3D218C7751009041BF /* Project object */ = {
			isa = PBXProject;
			attributes = {
				LastSwiftUpdateCheck = 1010;
				LastUpgradeCheck = 1010;
				ORGANIZATIONNAME = "Philipp Dümlein";
				TargetAttributes = {
					17104E44218C7751009041BF = {
						CreatedOnToolsVersion = 10.1;
					};
					17104E58218C7752009041BF = {
						CreatedOnToolsVersion = 10.1;
						TestTargetID = 17104E44218C7751009041BF;
					};
					17104E63218C7752009041BF = {
						CreatedOnToolsVersion = 10.1;
						TestTargetID = 17104E44218C7751009041BF;
					};
				};
			};
			buildConfigurationList = 17104E40218C7751009041BF /* Build configuration list for PBXProject "Pulsing" */;
			compatibilityVersion = "Xcode 9.3";
			developmentRegion = en;
			hasScannedForEncodings = 0;
			knownRegions = (
				en,
				Base,
			);
			mainGroup = 17104E3C218C7751009041BF;
			productRefGroup = 17104E46218C7751009041BF /* Products */;
			projectDirPath = "";
			projectRoot = "";
			targets = (
				17104E44218C7751009041BF /* Pulsing */,
				17104E58218C7752009041BF /* PulsingTests */,
				17104E63218C7752009041BF /* PulsingUITests */,
			);
		};
/* End PBXProject section */

/* Begin PBXResourcesBuildPhase section */
		17104E43218C7751009041BF /* Resources */ = {
			isa = PBXResourcesBuildPhase;
			buildActionMask = 2147483647;
			files = (
				17104E53218C7752009041BF /* LaunchScreen.storyboard in Resources */,
				17104E50218C7752009041BF /* Assets.xcassets in Resources */,
				17104E4E218C7751009041BF /* Main.storyboard in Resources */,
			);
			runOnlyForDeploymentPostprocessing = 0;
		};
		17104E57218C7752009041BF /* Resources */ = {
			isa = PBXResourcesBuildPhase;
			buildActionMask = 2147483647;
			files = (
			);
			runOnlyForDeploymentPostprocessing = 0;
		};
		17104E62218C7752009041BF /* Resources */ = {
			isa = PBXResourcesBuildPhase;
			buildActionMask = 2147483647;
			files = (
			);
			runOnlyForDeploymentPostprocessing = 0;
		};
/* End PBXResourcesBuildPhase section */

/* Begin PBXSourcesBuildPhase section */
		17104E41218C7751009041BF /* Sources */ = {
			isa = PBXSourcesBuildPhase;
			buildActionMask = 2147483647;
			files = (
				17104E77218C77A2009041BF /* Onboarder.swift in Sources */,
				17104E4B218C7751009041BF /* ViewController.swift in Sources */,
				17104E49218C7751009041BF /* AppDelegate.swift in Sources */,
			);
			runOnlyForDeploymentPostprocessing = 0;
		};
		17104E55218C7752009041BF /* Sources */ = {
			isa = PBXSourcesBuildPhase;
			buildActionMask = 2147483647;
			files = (
				17104E5E218C7752009041BF /* PulsingTests.swift in Sources */,
			);
			runOnlyForDeploymentPostprocessing = 0;
		};
		17104E60218C7752009041BF /* Sources */ = {
			isa = PBXSourcesBuildPhase;
			buildActionMask = 2147483647;
			files = (
				17104E69218C7752009041BF /* PulsingUITests.swift in Sources */,
			);
			runOnlyForDeploymentPostprocessing = 0;
		};
/* End PBXSourcesBuildPhase section */

/* Begin PBXTargetDependency section */
		17104E5B218C7752009041BF /* PBXTargetDependency */ = {
			isa = PBXTargetDependency;
			target = 17104E44218C7751009041BF /* Pulsing */;
			targetProxy = 17104E5A218C7752009041BF /* PBXContainerItemProxy */;
		};
		17104E66218C7752009041BF /* PBXTargetDependency */ = {
			isa = PBXTargetDependency;
			target = 17104E44218C7751009041BF /* Pulsing */;
			targetProxy = 17104E65218C7752009041BF /* PBXContainerItemProxy */;
		};
/* End PBXTargetDependency section */

/* Begin PBXVariantGroup section */
		17104E4C218C7751009041BF /* Main.storyboard */ = {
			isa = PBXVariantGroup;
			children = (
				17104E4D218C7751009041BF /* Base */,
			);
			name = Main.storyboard;
			sourceTree = "<group>";
		};
		17104E51218C7752009041BF /* LaunchScreen.storyboard */ = {
			isa = PBXVariantGroup;
			children = (
				17104E52218C7752009041BF /* Base */,
			);
			name = LaunchScreen.storyboard;
			sourceTree = "<group>";
		};
/* End PBXVariantGroup section */

/* Begin XCBuildConfiguration section */
		17104E6B218C7752009041BF /* Debug */ = {
			isa = XCBuildConfiguration;
			buildSettings = {
				ALWAYS_SEARCH_USER_PATHS = NO;
				CLANG_ANALYZER_NONNULL = YES;
				CLANG_ANALYZER_NUMBER_OBJECT_CONVERSION = YES_AGGRESSIVE;
				CLANG_CXX_LANGUAGE_STANDARD = "gnu++14";
				CLANG_CXX_LIBRARY = "libc++";
				CLANG_ENABLE_MODULES = YES;
				CLANG_ENABLE_OBJC_ARC = YES;
				CLANG_ENABLE_OBJC_WEAK = YES;
				CLANG_WARN_BLOCK_CAPTURE_AUTORELEASING = YES;
				CLANG_WARN_BOOL_CONVERSION = YES;
				CLANG_WARN_COMMA = YES;
				CLANG_WARN_CONSTANT_CONVERSION = YES;
				CLANG_WARN_DEPRECATED_OBJC_IMPLEMENTATIONS = YES;
				CLANG_WARN_DIRECT_OBJC_ISA_USAGE = YES_ERROR;
				CLANG_WARN_DOCUMENTATION_COMMENTS = YES;
				CLANG_WARN_EMPTY_BODY = YES;
				CLANG_WARN_ENUM_CONVERSION = YES;
				CLANG_WARN_INFINITE_RECURSION = YES;
				CLANG_WARN_INT_CONVERSION = YES;
				CLANG_WARN_NON_LITERAL_NULL_CONVERSION = YES;
				CLANG_WARN_OBJC_IMPLICIT_RETAIN_SELF = YES;
				CLANG_WARN_OBJC_LITERAL_CONVERSION = YES;
				CLANG_WARN_OBJC_ROOT_CLASS = YES_ERROR;
				CLANG_WARN_RANGE_LOOP_ANALYSIS = YES;
				CLANG_WARN_STRICT_PROTOTYPES = YES;
				CLANG_WARN_SUSPICIOUS_MOVE = YES;
				CLANG_WARN_UNGUARDED_AVAILABILITY = YES_AGGRESSIVE;
				CLANG_WARN_UNREACHABLE_CODE = YES;
				CLANG_WARN__DUPLICATE_METHOD_MATCH = YES;
				CODE_SIGN_IDENTITY = "iPhone Developer";
				COPY_PHASE_STRIP = NO;
				DEBUG_INFORMATION_FORMAT = dwarf;
				ENABLE_STRICT_OBJC_MSGSEND = YES;
				ENABLE_TESTABILITY = YES;
				GCC_C_LANGUAGE_STANDARD = gnu11;
				GCC_DYNAMIC_NO_PIC = NO;
				GCC_NO_COMMON_BLOCKS = YES;
				GCC_OPTIMIZATION_LEVEL = 0;
				GCC_PREPROCESSOR_DEFINITIONS = (
					"DEBUG=1",
					"$(inherited)",
				);
				GCC_WARN_64_TO_32_BIT_CONVERSION = YES;
				GCC_WARN_ABOUT_RETURN_TYPE = YES_ERROR;
				GCC_WARN_UNDECLARED_SELECTOR = YES;
				GCC_WARN_UNINITIALIZED_AUTOS = YES_AGGRESSIVE;
				GCC_WARN_UNUSED_FUNCTION = YES;
				GCC_WARN_UNUSED_VARIABLE = YES;
				IPHONEOS_DEPLOYMENT_TARGET = 12.1;
				MTL_ENABLE_DEBUG_INFO = INCLUDE_SOURCE;
				MTL_FAST_MATH = YES;
				ONLY_ACTIVE_ARCH = YES;
				SDKROOT = iphoneos;
				SWIFT_ACTIVE_COMPILATION_CONDITIONS = DEBUG;
				SWIFT_OPTIMIZATION_LEVEL = "-Onone";
			};
			name = Debug;
		};
		17104E6C218C7752009041BF /* Release */ = {
			isa = XCBuildConfiguration;
			buildSettings = {
				ALWAYS_SEARCH_USER_PATHS = NO;
				CLANG_ANALYZER_NONNULL = YES;
				CLANG_ANALYZER_NUMBER_OBJECT_CONVERSION = YES_AGGRESSIVE;
				CLANG_CXX_LANGUAGE_STANDARD = "gnu++14";
				CLANG_CXX_LIBRARY = "libc++";
				CLANG_ENABLE_MODULES = YES;
				CLANG_ENABLE_OBJC_ARC = YES;
				CLANG_ENABLE_OBJC_WEAK = YES;
				CLANG_WARN_BLOCK_CAPTURE_AUTORELEASING = YES;
				CLANG_WARN_BOOL_CONVERSION = YES;
				CLANG_WARN_COMMA = YES;
				CLANG_WARN_CONSTANT_CONVERSION = YES;
				CLANG_WARN_DEPRECATED_OBJC_IMPLEMENTATIONS = YES;
				CLANG_WARN_DIRECT_OBJC_ISA_USAGE = YES_ERROR;
				CLANG_WARN_DOCUMENTATION_COMMENTS = YES;
				CLANG_WARN_EMPTY_BODY = YES;
				CLANG_WARN_ENUM_CONVERSION = YES;
				CLANG_WARN_INFINITE_RECURSION = YES;
				CLANG_WARN_INT_CONVERSION = YES;
				CLANG_WARN_NON_LITERAL_NULL_CONVERSION = YES;
				CLANG_WARN_OBJC_IMPLICIT_RETAIN_SELF = YES;
				CLANG_WARN_OBJC_LITERAL_CONVERSION = YES;
				CLANG_WARN_OBJC_ROOT_CLASS = YES_ERROR;
				CLANG_WARN_RANGE_LOOP_ANALYSIS = YES;
				CLANG_WARN_STRICT_PROTOTYPES = YES;
				CLANG_WARN_SUSPICIOUS_MOVE = YES;
				CLANG_WARN_UNGUARDED_AVAILABILITY = YES_AGGRESSIVE;
				CLANG_WARN_UNREACHABLE_CODE = YES;
				CLANG_WARN__DUPLICATE_METHOD_MATCH = YES;
				CODE_SIGN_IDENTITY = "iPhone Developer";
				COPY_PHASE_STRIP = NO;
				DEBUG_INFORMATION_FORMAT = "dwarf-with-dsym";
				ENABLE_NS_ASSERTIONS = NO;
				ENABLE_STRICT_OBJC_MSGSEND = YES;
				GCC_C_LANGUAGE_STANDARD = gnu11;
				GCC_NO_COMMON_BLOCKS = YES;
				GCC_WARN_64_TO_32_BIT_CONVERSION = YES;
				GCC_WARN_ABOUT_RETURN_TYPE = YES_ERROR;
				GCC_WARN_UNDECLARED_SELECTOR = YES;
				GCC_WARN_UNINITIALIZED_AUTOS = YES_AGGRESSIVE;
				GCC_WARN_UNUSED_FUNCTION = YES;
				GCC_WARN_UNUSED_VARIABLE = YES;
				IPHONEOS_DEPLOYMENT_TARGET = 12.1;
				MTL_ENABLE_DEBUG_INFO = NO;
				MTL_FAST_MATH = YES;
				SDKROOT = iphoneos;
				SWIFT_COMPILATION_MODE = wholemodule;
				SWIFT_OPTIMIZATION_LEVEL = "-O";
				VALIDATE_PRODUCT = YES;
			};
			name = Release;
		};
		17104E6E218C7752009041BF /* Debug */ = {
			isa = XCBuildConfiguration;
			buildSettings = {
				ASSETCATALOG_COMPILER_APPICON_NAME = AppIcon;
				CODE_SIGN_STYLE = Automatic;
				INFOPLIST_FILE = Pulsing/Info.plist;
				LD_RUNPATH_SEARCH_PATHS = (
					"$(inherited)",
					"@executable_path/Frameworks",
				);
				PRODUCT_BUNDLE_IDENTIFIER = com.philipp.Pulsing;
				PRODUCT_NAME = "$(TARGET_NAME)";
				SWIFT_VERSION = 4.2;
				TARGETED_DEVICE_FAMILY = "1,2";
			};
			name = Debug;
		};
		17104E6F218C7752009041BF /* Release */ = {
			isa = XCBuildConfiguration;
			buildSettings = {
				ASSETCATALOG_COMPILER_APPICON_NAME = AppIcon;
				CODE_SIGN_STYLE = Automatic;
				INFOPLIST_FILE = Pulsing/Info.plist;
				LD_RUNPATH_SEARCH_PATHS = (
					"$(inherited)",
					"@executable_path/Frameworks",
				);
				PRODUCT_BUNDLE_IDENTIFIER = com.philipp.Pulsing;
				PRODUCT_NAME = "$(TARGET_NAME)";
				SWIFT_VERSION = 4.2;
				TARGETED_DEVICE_FAMILY = "1,2";
			};
			name = Release;
		};
		17104E71218C7752009041BF /* Debug */ = {
			isa = XCBuildConfiguration;
			buildSettings = {
				ALWAYS_EMBED_SWIFT_STANDARD_LIBRARIES = YES;
				BUNDLE_LOADER = "$(TEST_HOST)";
				CODE_SIGN_STYLE = Automatic;
				INFOPLIST_FILE = PulsingTests/Info.plist;
				LD_RUNPATH_SEARCH_PATHS = (
					"$(inherited)",
					"@executable_path/Frameworks",
					"@loader_path/Frameworks",
				);
				PRODUCT_BUNDLE_IDENTIFIER = com.philipp.PulsingTests;
				PRODUCT_NAME = "$(TARGET_NAME)";
				SWIFT_VERSION = 4.2;
				TARGETED_DEVICE_FAMILY = "1,2";
				TEST_HOST = "$(BUILT_PRODUCTS_DIR)/Pulsing.app/Pulsing";
			};
			name = Debug;
		};
		17104E72218C7752009041BF /* Release */ = {
			isa = XCBuildConfiguration;
			buildSettings = {
				ALWAYS_EMBED_SWIFT_STANDARD_LIBRARIES = YES;
				BUNDLE_LOADER = "$(TEST_HOST)";
				CODE_SIGN_STYLE = Automatic;
				INFOPLIST_FILE = PulsingTests/Info.plist;
				LD_RUNPATH_SEARCH_PATHS = (
					"$(inherited)",
					"@executable_path/Frameworks",
					"@loader_path/Frameworks",
				);
				PRODUCT_BUNDLE_IDENTIFIER = com.philipp.PulsingTests;
				PRODUCT_NAME = "$(TARGET_NAME)";
				SWIFT_VERSION = 4.2;
				TARGETED_DEVICE_FAMILY = "1,2";
				TEST_HOST = "$(BUILT_PRODUCTS_DIR)/Pulsing.app/Pulsing";
			};
			name = Release;
		};
		17104E74218C7752009041BF /* Debug */ = {
			isa = XCBuildConfiguration;
			buildSettings = {
				ALWAYS_EMBED_SWIFT_STANDARD_LIBRARIES = YES;
				CODE_SIGN_STYLE = Automatic;
				INFOPLIST_FILE = PulsingUITests/Info.plist;
				LD_RUNPATH_SEARCH_PATHS = (
					"$(inherited)",
					"@executable_path/Frameworks",
					"@loader_path/Frameworks",
				);
				PRODUCT_BUNDLE_IDENTIFIER = com.philipp.PulsingUITests;
				PRODUCT_NAME = "$(TARGET_NAME)";
				SWIFT_VERSION = 4.2;
				TARGETED_DEVICE_FAMILY = "1,2";
				TEST_TARGET_NAME = Pulsing;
			};
			name = Debug;
		};
		17104E75218C7752009041BF /* Release */ = {
			isa = XCBuildConfiguration;
			buildSettings = {
				ALWAYS_EMBED_SWIFT_STANDARD_LIBRARIES = YES;
				CODE_SIGN_STYLE = Automatic;
				INFOPLIST_FILE = PulsingUITests/Info.plist;
				LD_RUNPATH_SEARCH_PATHS = (
					"$(inherited)",
					"@executable_path/Frameworks",
					"@loader_path/Frameworks",
				);
				PRODUCT_BUNDLE_IDENTIFIER = com.philipp.PulsingUITests;
				PRODUCT_NAME = "$(TARGET_NAME)";
				SWIFT_VERSION = 4.2;
				TARGETED_DEVICE_FAMILY = "1,2";
				TEST_TARGET_NAME = Pulsing;
			};
			name = Release;
		};
/* End XCBuildConfiguration section */

/* Begin XCConfigurationList section */
		17104E40218C7751009041BF /* Build configuration list for PBXProject "Pulsing" */ = {
			isa = XCConfigurationList;
			buildConfigurations = (
				17104E6B218C7752009041BF /* Debug */,
				17104E6C218C7752009041BF /* Release */,
			);
			defaultConfigurationIsVisible = 0;
			defaultConfigurationName = Release;
		};
		17104E6D218C7752009041BF /* Build configuration list for PBXNativeTarget "Pulsing" */ = {
			isa = XCConfigurationList;
			buildConfigurations = (
				17104E6E218C7752009041BF /* Debug */,
				17104E6F218C7752009041BF /* Release */,
			);
			defaultConfigurationIsVisible = 0;
			defaultConfigurationName = Release;
		};
		17104E70218C7752009041BF /* Build configuration list for PBXNativeTarget "PulsingTests" */ = {
			isa = XCConfigurationList;
			buildConfigurations = (
				17104E71218C7752009041BF /* Debug */,
				17104E72218C7752009041BF /* Release */,
			);
			defaultConfigurationIsVisible = 0;
			defaultConfigurationName = Release;
		};
		17104E73218C7752009041BF /* Build configuration list for PBXNativeTarget "PulsingUITests" */ = {
			isa = XCConfigurationList;
			buildConfigurations = (
				17104E74218C7752009041BF /* Debug */,
				17104E75218C7752009041BF /* Release */,
			);
			defaultConfigurationIsVisible = 0;
			defaultConfigurationName = Release;
		};
/* End XCConfigurationList section */
	};
	rootObject = 17104E3D218C7751009041BF /* Project object */;
}
